
Microsoft Visual Studio Solution File, Format Version 12.00
# Visual Studio Version 17
VisualStudioVersion = 17.0.31903.59
MinimumVisualStudioVersion = 10.0.40219.1
Project("{FAE04EC0-301F-11D3-BF4B-00C04F79EFBC}") = "Generics", "Generics-set-dictionary\Generics\Generics.csproj", "{66B2F1CC-DCC8-4944-93B6-D9D0796E02DF}"
EndProject
Project("{FAE04EC0-301F-11D3-BF4B-00C04F79EFBC}") = "inheritanceAndPolymorphism", "inheritanceAndPolymorphism\inheritanceAndPolymorphism.csproj", "{3FA8AD32-44C0-49D0-A238-E77843D47A9B}"
EndProject
Project("{FAE04EC0-301F-11D3-BF4B-00C04F79EFBC}") = "interfaces", "interfaces\interfaces.csproj", "{2C2048CB-E68C-4C93-A4BE-4F1ABF51A28E}"
EndProject
Project("{FAE04EC0-301F-11D3-BF4B-00C04F79EFBC}") = "interfaces2", "interfaces2\interfaces2.csproj", "{03BA6A47-E3B3-47A7-9ADC-61B608459B47}"
EndProject
Project("{FAE04EC0-301F-11D3-BF4B-00C04F79EFBC}") = "interfaces3", "interfaces3\interfaces3.csproj", "{75B74BBC-6C9A-4398-8E6B-29ED54D617E5}"
EndProject
Project("{FAE04EC0-301F-11D3-BF4B-00C04F79EFBC}") = "topicsSpecials", "topicsSpecials\topicsSpecials.csproj", "{8EA7A174-6F3B-4652-A435-F1CDC94840CE}"
EndProject
Project("{FAE04EC0-301F-11D3-BF4B-00C04F79EFBC}") = "workingWithFiles", "workingWithFiles\workingWithFiles.csproj", "{F3BC4264-C417-4D3F-8B4E-AD1DDFBF7085}"
EndProject
Project("{FAE04EC0-301F-11D3-BF4B-00C04F79EFBC}") = "interfaceIComparable", "interfaceIComparable\interfaceIComparable.csproj", "{713CB242-A2A3-4CCE-BEF2-064342A2C1F1}"
EndProject
Project("{FAE04EC0-301F-11D3-BF4B-00C04F79EFBC}") = "approachTreatment", "approachTreatment\approachTreatment.csproj", "{2F09221C-FE75-429B-A7D5-C84A9FCF2182}"
EndProject
Project("{FAE04EC0-301F-11D3-BF4B-00C04F79EFBC}") = "Course", "aula1\Course.csproj", "{EF99E563-0411-4BFE-8D20-48EFBDF98305}"
EndProject
Project("{FAE04EC0-301F-11D3-BF4B-00C04F79EFBC}") = "Course2", "aula2\Course2.csproj", "{6F75E6B0-AB97-48CC-88EB-9763D0EDDC18}"
EndProject
Project("{FAE04EC0-301F-11D3-BF4B-00C04F79EFBC}") = "entities", "entities\entities.csproj", "{D11E5E8A-C8CF-4271-BCB3-4AC6BDDE0EF7}"
EndProject
Project("{FAE04EC0-301F-11D3-BF4B-00C04F79EFBC}") = "Generics-restrictions", "Generics-set-dictionary\Generics-restrictions\Generics-restrictions.csproj", "{57423C05-E959-478F-AE0E-6D44618D8990}"
EndProject
Project("{FAE04EC0-301F-11D3-BF4B-00C04F79EFBC}") = "GetHashCode-Equals", "Generics-set-dictionary\GetHashCode-Equals\GetHashCode-Equals.csproj", "{2D1F6933-E179-4469-8910-71C1DB39E209}"
EndProject
Project("{FAE04EC0-301F-11D3-BF4B-00C04F79EFBC}") = "HashSet-SortedSet-part1", "Generics-set-dictionary\HashSet-SortedSet-part1\HashSet-SortedSet-part1.csproj", "{057F86B5-E447-40EE-9B27-A683BF728D2B}"
EndProject
Project("{2150E333-8FDC-42A3-9474-1A3956D46DE8}") = "Generics-set-dictionary", "Generics-set-dictionary", "{8B030F55-402F-4435-A558-8462223A6E36}"
EndProject
Project("{FAE04EC0-301F-11D3-BF4B-00C04F79EFBC}") = "HashSet-SortedSet-part2", "Generics-set-dictionary\HashSet-SortedSet-part2\HashSet-SortedSet-part2.csproj", "{AB5D2A7C-52E1-4E4A-A530-43B62FD84A97}"
EndProject
Project("{FAE04EC0-301F-11D3-BF4B-00C04F79EFBC}") = "Colecoes-hash", "Generics-set-dictionary\Colecoes-hash\Colecoes-hash.csproj", "{B0E4F3E9-46F8-4DD6-9A65-6348AC7729FD}"
EndProject
Project("{FAE04EC0-301F-11D3-BF4B-00C04F79EFBC}") = "Exercicio-resolvido", "Generics-set-dictionary\Exercicio-resolvido\Exercicio-resolvido.csproj", "{BF19C7AE-F610-43F5-9D7F-9130D0895900}"
EndProject
Project("{FAE04EC0-301F-11D3-BF4B-00C04F79EFBC}") = "Exercicio-proposto", "Generics-set-dictionary\Exercicio-proposto\Exercicio-proposto.csproj", "{CB21AC02-11B5-43A6-94A5-DDCA10E7326C}"
EndProject
Project("{FAE04EC0-301F-11D3-BF4B-00C04F79EFBC}") = "Dictionary-sortedDictionary", "Generics-set-dictionary\Dictionary-sortedDictionary\Dictionary-sortedDictionary.csproj", "{35943EE9-5C72-4B2F-BF9A-3A0DBBD37597}"
EndProject
Project("{FAE04EC0-301F-11D3-BF4B-00C04F79EFBC}") = "Exercicio-dictionary", "Generics-set-dictionary\Exercicio-dictionary\Exercicio-dictionary.csproj", "{EB9672DD-0D1E-4564-8E33-EA2C50488377}"
EndProject
Project("{2150E333-8FDC-42A3-9474-1A3956D46DE8}") = "Topicos-especiais-part2", "Topicos-especiais-part2", "{7EDEC4D7-07D5-402B-A893-D6AB1AABFEF4}"
EndProject
Project("{FAE04EC0-301F-11D3-BF4B-00C04F79EFBC}") = "Extension-methods", "Topicos-especiais-part2/Extension-methods\Extension-methods.csproj", "{84F0CF8B-A861-45CB-8FCC-0A2796417208}"
EndProject
Project("{2150E333-8FDC-42A3-9474-1A3956D46DE8}") = "ExpressoesLambda-delegates-linq", "ExpressoesLambda-delegates-linq", "{CED94A7B-5EFF-4E90-9053-94408182071A}"
EndProject
Project("{FAE04EC0-301F-11D3-BF4B-00C04F79EFBC}") = "Comparison", "ExpressoesLambda-delegates-linq\Comparison\Comparison.csproj", "{531A10BB-D584-4870-9E06-435BDE7DD931}"
EndProject
Project("{FAE04EC0-301F-11D3-BF4B-00C04F79EFBC}") = "Delegates", "ExpressoesLambda-delegates-linq\Delegates\Delegates.csproj", "{30A4FDBE-09F8-404B-AD86-5DD8C8DA95E1}"
EndProject
Project("{FAE04EC0-301F-11D3-BF4B-00C04F79EFBC}") = "MulticastDelegates", "ExpressoesLambda-delegates-linq\MulticastDelegates\MulticastDelegates.csproj", "{74FDAA37-770B-4F3C-8F27-D38E3B919B50}"
EndProject
Project("{FAE04EC0-301F-11D3-BF4B-00C04F79EFBC}") = "Predicate", "ExpressoesLambda-delegates-linq\Predicate\Predicate.csproj", "{4CA2F68F-A212-4E55-8B65-8AD61571AC91}"
EndProject
Project("{FAE04EC0-301F-11D3-BF4B-00C04F79EFBC}") = "Action", "ExpressoesLambda-delegates-linq\Action\Action.csproj", "{A6DC7865-5597-4230-8BBF-EE7B0FFE1EDD}"
EndProject
Project("{FAE04EC0-301F-11D3-BF4B-00C04F79EFBC}") = "Func-Select", "ExpressoesLambda-delegates-linq\Func-Select\Func-Select.csproj", "{434E271A-421A-429D-8275-87019F9A0138}"
EndProject
Project("{FAE04EC0-301F-11D3-BF4B-00C04F79EFBC}") = "Linq", "ExpressoesLambda-delegates-linq\Linq\Linq.csproj", "{018E7076-31DA-4638-ABE1-3813946D2C2C}"
EndProject
Project("{FAE04EC0-301F-11D3-BF4B-00C04F79EFBC}") = "Linq-part1", "ExpressoesLambda-delegates-linq\Linq-part1\Linq-part1.csproj", "{4D59F894-C1FA-4E37-A4B4-4A3B191ABE12}"
EndProject
Global
	GlobalSection(SolutionConfigurationPlatforms) = preSolution
		Debug|Any CPU = Debug|Any CPU
		Release|Any CPU = Release|Any CPU
	EndGlobalSection
	GlobalSection(SolutionProperties) = preSolution
		HideSolutionNode = FALSE
	EndGlobalSection
	GlobalSection(ProjectConfigurationPlatforms) = postSolution
		{66B2F1CC-DCC8-4944-93B6-D9D0796E02DF}.Debug|Any CPU.ActiveCfg = Debug|Any CPU
		{66B2F1CC-DCC8-4944-93B6-D9D0796E02DF}.Debug|Any CPU.Build.0 = Debug|Any CPU
		{66B2F1CC-DCC8-4944-93B6-D9D0796E02DF}.Release|Any CPU.ActiveCfg = Release|Any CPU
		{66B2F1CC-DCC8-4944-93B6-D9D0796E02DF}.Release|Any CPU.Build.0 = Release|Any CPU
		{3FA8AD32-44C0-49D0-A238-E77843D47A9B}.Debug|Any CPU.ActiveCfg = Debug|Any CPU
		{3FA8AD32-44C0-49D0-A238-E77843D47A9B}.Debug|Any CPU.Build.0 = Debug|Any CPU
		{3FA8AD32-44C0-49D0-A238-E77843D47A9B}.Release|Any CPU.ActiveCfg = Release|Any CPU
		{3FA8AD32-44C0-49D0-A238-E77843D47A9B}.Release|Any CPU.Build.0 = Release|Any CPU
		{2C2048CB-E68C-4C93-A4BE-4F1ABF51A28E}.Debug|Any CPU.ActiveCfg = Debug|Any CPU
		{2C2048CB-E68C-4C93-A4BE-4F1ABF51A28E}.Debug|Any CPU.Build.0 = Debug|Any CPU
		{2C2048CB-E68C-4C93-A4BE-4F1ABF51A28E}.Release|Any CPU.ActiveCfg = Release|Any CPU
		{2C2048CB-E68C-4C93-A4BE-4F1ABF51A28E}.Release|Any CPU.Build.0 = Release|Any CPU
		{03BA6A47-E3B3-47A7-9ADC-61B608459B47}.Debug|Any CPU.ActiveCfg = Debug|Any CPU
		{03BA6A47-E3B3-47A7-9ADC-61B608459B47}.Debug|Any CPU.Build.0 = Debug|Any CPU
		{03BA6A47-E3B3-47A7-9ADC-61B608459B47}.Release|Any CPU.ActiveCfg = Release|Any CPU
		{03BA6A47-E3B3-47A7-9ADC-61B608459B47}.Release|Any CPU.Build.0 = Release|Any CPU
		{75B74BBC-6C9A-4398-8E6B-29ED54D617E5}.Debug|Any CPU.ActiveCfg = Debug|Any CPU
		{75B74BBC-6C9A-4398-8E6B-29ED54D617E5}.Debug|Any CPU.Build.0 = Debug|Any CPU
		{75B74BBC-6C9A-4398-8E6B-29ED54D617E5}.Release|Any CPU.ActiveCfg = Release|Any CPU
		{75B74BBC-6C9A-4398-8E6B-29ED54D617E5}.Release|Any CPU.Build.0 = Release|Any CPU
		{8EA7A174-6F3B-4652-A435-F1CDC94840CE}.Debug|Any CPU.ActiveCfg = Debug|Any CPU
		{8EA7A174-6F3B-4652-A435-F1CDC94840CE}.Debug|Any CPU.Build.0 = Debug|Any CPU
		{8EA7A174-6F3B-4652-A435-F1CDC94840CE}.Release|Any CPU.ActiveCfg = Release|Any CPU
		{8EA7A174-6F3B-4652-A435-F1CDC94840CE}.Release|Any CPU.Build.0 = Release|Any CPU
		{F3BC4264-C417-4D3F-8B4E-AD1DDFBF7085}.Debug|Any CPU.ActiveCfg = Debug|Any CPU
		{F3BC4264-C417-4D3F-8B4E-AD1DDFBF7085}.Debug|Any CPU.Build.0 = Debug|Any CPU
		{F3BC4264-C417-4D3F-8B4E-AD1DDFBF7085}.Release|Any CPU.ActiveCfg = Release|Any CPU
		{F3BC4264-C417-4D3F-8B4E-AD1DDFBF7085}.Release|Any CPU.Build.0 = Release|Any CPU
		{713CB242-A2A3-4CCE-BEF2-064342A2C1F1}.Debug|Any CPU.ActiveCfg = Debug|Any CPU
		{713CB242-A2A3-4CCE-BEF2-064342A2C1F1}.Debug|Any CPU.Build.0 = Debug|Any CPU
		{713CB242-A2A3-4CCE-BEF2-064342A2C1F1}.Release|Any CPU.ActiveCfg = Release|Any CPU
		{713CB242-A2A3-4CCE-BEF2-064342A2C1F1}.Release|Any CPU.Build.0 = Release|Any CPU
		{2F09221C-FE75-429B-A7D5-C84A9FCF2182}.Debug|Any CPU.ActiveCfg = Debug|Any CPU
		{2F09221C-FE75-429B-A7D5-C84A9FCF2182}.Debug|Any CPU.Build.0 = Debug|Any CPU
		{2F09221C-FE75-429B-A7D5-C84A9FCF2182}.Release|Any CPU.ActiveCfg = Release|Any CPU
		{2F09221C-FE75-429B-A7D5-C84A9FCF2182}.Release|Any CPU.Build.0 = Release|Any CPU
		{EF99E563-0411-4BFE-8D20-48EFBDF98305}.Debug|Any CPU.ActiveCfg = Debug|Any CPU
		{EF99E563-0411-4BFE-8D20-48EFBDF98305}.Debug|Any CPU.Build.0 = Debug|Any CPU
		{EF99E563-0411-4BFE-8D20-48EFBDF98305}.Release|Any CPU.ActiveCfg = Release|Any CPU
		{EF99E563-0411-4BFE-8D20-48EFBDF98305}.Release|Any CPU.Build.0 = Release|Any CPU
		{6F75E6B0-AB97-48CC-88EB-9763D0EDDC18}.Debug|Any CPU.ActiveCfg = Debug|Any CPU
		{6F75E6B0-AB97-48CC-88EB-9763D0EDDC18}.Debug|Any CPU.Build.0 = Debug|Any CPU
		{6F75E6B0-AB97-48CC-88EB-9763D0EDDC18}.Release|Any CPU.ActiveCfg = Release|Any CPU
		{6F75E6B0-AB97-48CC-88EB-9763D0EDDC18}.Release|Any CPU.Build.0 = Release|Any CPU
		{D11E5E8A-C8CF-4271-BCB3-4AC6BDDE0EF7}.Debug|Any CPU.ActiveCfg = Debug|Any CPU
		{D11E5E8A-C8CF-4271-BCB3-4AC6BDDE0EF7}.Debug|Any CPU.Build.0 = Debug|Any CPU
		{D11E5E8A-C8CF-4271-BCB3-4AC6BDDE0EF7}.Release|Any CPU.ActiveCfg = Release|Any CPU
		{D11E5E8A-C8CF-4271-BCB3-4AC6BDDE0EF7}.Release|Any CPU.Build.0 = Release|Any CPU
		{57423C05-E959-478F-AE0E-6D44618D8990}.Debug|Any CPU.ActiveCfg = Debug|Any CPU
		{57423C05-E959-478F-AE0E-6D44618D8990}.Debug|Any CPU.Build.0 = Debug|Any CPU
		{57423C05-E959-478F-AE0E-6D44618D8990}.Release|Any CPU.ActiveCfg = Release|Any CPU
		{57423C05-E959-478F-AE0E-6D44618D8990}.Release|Any CPU.Build.0 = Release|Any CPU
		{2D1F6933-E179-4469-8910-71C1DB39E209}.Debug|Any CPU.ActiveCfg = Debug|Any CPU
		{2D1F6933-E179-4469-8910-71C1DB39E209}.Debug|Any CPU.Build.0 = Debug|Any CPU
		{2D1F6933-E179-4469-8910-71C1DB39E209}.Release|Any CPU.ActiveCfg = Release|Any CPU
		{2D1F6933-E179-4469-8910-71C1DB39E209}.Release|Any CPU.Build.0 = Release|Any CPU
		{057F86B5-E447-40EE-9B27-A683BF728D2B}.Debug|Any CPU.ActiveCfg = Debug|Any CPU
		{057F86B5-E447-40EE-9B27-A683BF728D2B}.Debug|Any CPU.Build.0 = Debug|Any CPU
		{057F86B5-E447-40EE-9B27-A683BF728D2B}.Release|Any CPU.ActiveCfg = Release|Any CPU
		{057F86B5-E447-40EE-9B27-A683BF728D2B}.Release|Any CPU.Build.0 = Release|Any CPU
		{AB5D2A7C-52E1-4E4A-A530-43B62FD84A97}.Debug|Any CPU.ActiveCfg = Debug|Any CPU
		{AB5D2A7C-52E1-4E4A-A530-43B62FD84A97}.Debug|Any CPU.Build.0 = Debug|Any CPU
		{AB5D2A7C-52E1-4E4A-A530-43B62FD84A97}.Release|Any CPU.ActiveCfg = Release|Any CPU
		{AB5D2A7C-52E1-4E4A-A530-43B62FD84A97}.Release|Any CPU.Build.0 = Release|Any CPU
		{B0E4F3E9-46F8-4DD6-9A65-6348AC7729FD}.Debug|Any CPU.ActiveCfg = Debug|Any CPU
		{B0E4F3E9-46F8-4DD6-9A65-6348AC7729FD}.Debug|Any CPU.Build.0 = Debug|Any CPU
		{B0E4F3E9-46F8-4DD6-9A65-6348AC7729FD}.Release|Any CPU.ActiveCfg = Release|Any CPU
		{B0E4F3E9-46F8-4DD6-9A65-6348AC7729FD}.Release|Any CPU.Build.0 = Release|Any CPU
		{BF19C7AE-F610-43F5-9D7F-9130D0895900}.Debug|Any CPU.ActiveCfg = Debug|Any CPU
		{BF19C7AE-F610-43F5-9D7F-9130D0895900}.Debug|Any CPU.Build.0 = Debug|Any CPU
		{BF19C7AE-F610-43F5-9D7F-9130D0895900}.Release|Any CPU.ActiveCfg = Release|Any CPU
		{BF19C7AE-F610-43F5-9D7F-9130D0895900}.Release|Any CPU.Build.0 = Release|Any CPU
		{CB21AC02-11B5-43A6-94A5-DDCA10E7326C}.Debug|Any CPU.ActiveCfg = Debug|Any CPU
		{CB21AC02-11B5-43A6-94A5-DDCA10E7326C}.Debug|Any CPU.Build.0 = Debug|Any CPU
		{CB21AC02-11B5-43A6-94A5-DDCA10E7326C}.Release|Any CPU.ActiveCfg = Release|Any CPU
		{CB21AC02-11B5-43A6-94A5-DDCA10E7326C}.Release|Any CPU.Build.0 = Release|Any CPU
		{35943EE9-5C72-4B2F-BF9A-3A0DBBD37597}.Debug|Any CPU.ActiveCfg = Debug|Any CPU
		{35943EE9-5C72-4B2F-BF9A-3A0DBBD37597}.Debug|Any CPU.Build.0 = Debug|Any CPU
		{35943EE9-5C72-4B2F-BF9A-3A0DBBD37597}.Release|Any CPU.ActiveCfg = Release|Any CPU
		{35943EE9-5C72-4B2F-BF9A-3A0DBBD37597}.Release|Any CPU.Build.0 = Release|Any CPU
		{EB9672DD-0D1E-4564-8E33-EA2C50488377}.Debug|Any CPU.ActiveCfg = Debug|Any CPU
		{EB9672DD-0D1E-4564-8E33-EA2C50488377}.Debug|Any CPU.Build.0 = Debug|Any CPU
		{EB9672DD-0D1E-4564-8E33-EA2C50488377}.Release|Any CPU.ActiveCfg = Release|Any CPU
		{EB9672DD-0D1E-4564-8E33-EA2C50488377}.Release|Any CPU.Build.0 = Release|Any CPU
		{84F0CF8B-A861-45CB-8FCC-0A2796417208}.Debug|Any CPU.ActiveCfg = Debug|Any CPU
		{84F0CF8B-A861-45CB-8FCC-0A2796417208}.Debug|Any CPU.Build.0 = Debug|Any CPU
		{84F0CF8B-A861-45CB-8FCC-0A2796417208}.Release|Any CPU.ActiveCfg = Release|Any CPU
		{84F0CF8B-A861-45CB-8FCC-0A2796417208}.Release|Any CPU.Build.0 = Release|Any CPU
		{531A10BB-D584-4870-9E06-435BDE7DD931}.Debug|Any CPU.ActiveCfg = Debug|Any CPU
		{531A10BB-D584-4870-9E06-435BDE7DD931}.Debug|Any CPU.Build.0 = Debug|Any CPU
		{531A10BB-D584-4870-9E06-435BDE7DD931}.Release|Any CPU.ActiveCfg = Release|Any CPU
		{531A10BB-D584-4870-9E06-435BDE7DD931}.Release|Any CPU.Build.0 = Release|Any CPU
		{30A4FDBE-09F8-404B-AD86-5DD8C8DA95E1}.Debug|Any CPU.ActiveCfg = Debug|Any CPU
		{30A4FDBE-09F8-404B-AD86-5DD8C8DA95E1}.Debug|Any CPU.Build.0 = Debug|Any CPU
		{30A4FDBE-09F8-404B-AD86-5DD8C8DA95E1}.Release|Any CPU.ActiveCfg = Release|Any CPU
		{30A4FDBE-09F8-404B-AD86-5DD8C8DA95E1}.Release|Any CPU.Build.0 = Release|Any CPU
		{74FDAA37-770B-4F3C-8F27-D38E3B919B50}.Debug|Any CPU.ActiveCfg = Debug|Any CPU
		{74FDAA37-770B-4F3C-8F27-D38E3B919B50}.Debug|Any CPU.Build.0 = Debug|Any CPU
		{74FDAA37-770B-4F3C-8F27-D38E3B919B50}.Release|Any CPU.ActiveCfg = Release|Any CPU
		{74FDAA37-770B-4F3C-8F27-D38E3B919B50}.Release|Any CPU.Build.0 = Release|Any CPU
		{4CA2F68F-A212-4E55-8B65-8AD61571AC91}.Debug|Any CPU.ActiveCfg = Debug|Any CPU
		{4CA2F68F-A212-4E55-8B65-8AD61571AC91}.Debug|Any CPU.Build.0 = Debug|Any CPU
		{4CA2F68F-A212-4E55-8B65-8AD61571AC91}.Release|Any CPU.ActiveCfg = Release|Any CPU
		{4CA2F68F-A212-4E55-8B65-8AD61571AC91}.Release|Any CPU.Build.0 = Release|Any CPU
		{A6DC7865-5597-4230-8BBF-EE7B0FFE1EDD}.Debug|Any CPU.ActiveCfg = Debug|Any CPU
		{A6DC7865-5597-4230-8BBF-EE7B0FFE1EDD}.Debug|Any CPU.Build.0 = Debug|Any CPU
		{A6DC7865-5597-4230-8BBF-EE7B0FFE1EDD}.Release|Any CPU.ActiveCfg = Release|Any CPU
		{A6DC7865-5597-4230-8BBF-EE7B0FFE1EDD}.Release|Any CPU.Build.0 = Release|Any CPU
		{434E271A-421A-429D-8275-87019F9A0138}.Debug|Any CPU.ActiveCfg = Debug|Any CPU
		{434E271A-421A-429D-8275-87019F9A0138}.Debug|Any CPU.Build.0 = Debug|Any CPU
		{434E271A-421A-429D-8275-87019F9A0138}.Release|Any CPU.ActiveCfg = Release|Any CPU
		{434E271A-421A-429D-8275-87019F9A0138}.Release|Any CPU.Build.0 = Release|Any CPU
		{018E7076-31DA-4638-ABE1-3813946D2C2C}.Debug|Any CPU.ActiveCfg = Debug|Any CPU
		{018E7076-31DA-4638-ABE1-3813946D2C2C}.Debug|Any CPU.Build.0 = Debug|Any CPU
		{018E7076-31DA-4638-ABE1-3813946D2C2C}.Release|Any CPU.ActiveCfg = Release|Any CPU
		{018E7076-31DA-4638-ABE1-3813946D2C2C}.Release|Any CPU.Build.0 = Release|Any CPU
		{4D59F894-C1FA-4E37-A4B4-4A3B191ABE12}.Debug|Any CPU.ActiveCfg = Debug|Any CPU
		{4D59F894-C1FA-4E37-A4B4-4A3B191ABE12}.Debug|Any CPU.Build.0 = Debug|Any CPU
		{4D59F894-C1FA-4E37-A4B4-4A3B191ABE12}.Release|Any CPU.ActiveCfg = Release|Any CPU
		{4D59F894-C1FA-4E37-A4B4-4A3B191ABE12}.Release|Any CPU.Build.0 = Release|Any CPU
	EndGlobalSection
	GlobalSection(NestedProjects) = preSolution
		{AB5D2A7C-52E1-4E4A-A530-43B62FD84A97} = {8B030F55-402F-4435-A558-8462223A6E36}
		{66B2F1CC-DCC8-4944-93B6-D9D0796E02DF} = {8B030F55-402F-4435-A558-8462223A6E36}
		{057F86B5-E447-40EE-9B27-A683BF728D2B} = {8B030F55-402F-4435-A558-8462223A6E36}
		{57423C05-E959-478F-AE0E-6D44618D8990} = {8B030F55-402F-4435-A558-8462223A6E36}
		{2D1F6933-E179-4469-8910-71C1DB39E209} = {8B030F55-402F-4435-A558-8462223A6E36}
		{B0E4F3E9-46F8-4DD6-9A65-6348AC7729FD} = {8B030F55-402F-4435-A558-8462223A6E36}
		{BF19C7AE-F610-43F5-9D7F-9130D0895900} = {8B030F55-402F-4435-A558-8462223A6E36}
		{CB21AC02-11B5-43A6-94A5-DDCA10E7326C} = {8B030F55-402F-4435-A558-8462223A6E36}
		{35943EE9-5C72-4B2F-BF9A-3A0DBBD37597} = {8B030F55-402F-4435-A558-8462223A6E36}
		{EB9672DD-0D1E-4564-8E33-EA2C50488377} = {8B030F55-402F-4435-A558-8462223A6E36}
		{84F0CF8B-A861-45CB-8FCC-0A2796417208} = {7EDEC4D7-07D5-402B-A893-D6AB1AABFEF4}
		{531A10BB-D584-4870-9E06-435BDE7DD931} = {CED94A7B-5EFF-4E90-9053-94408182071A}
		{30A4FDBE-09F8-404B-AD86-5DD8C8DA95E1} = {CED94A7B-5EFF-4E90-9053-94408182071A}
		{74FDAA37-770B-4F3C-8F27-D38E3B919B50} = {CED94A7B-5EFF-4E90-9053-94408182071A}
		{4CA2F68F-A212-4E55-8B65-8AD61571AC91} = {CED94A7B-5EFF-4E90-9053-94408182071A}
		{A6DC7865-5597-4230-8BBF-EE7B0FFE1EDD} = {CED94A7B-5EFF-4E90-9053-94408182071A}
		{434E271A-421A-429D-8275-87019F9A0138} = {CED94A7B-5EFF-4E90-9053-94408182071A}
		{018E7076-31DA-4638-ABE1-3813946D2C2C} = {CED94A7B-5EFF-4E90-9053-94408182071A}
		{4D59F894-C1FA-4E37-A4B4-4A3B191ABE12} = {CED94A7B-5EFF-4E90-9053-94408182071A}
	EndGlobalSection
EndGlobal
