
Microsoft Visual Studio Solution File, Format Version 12.00
# Visual Studio Version 17
VisualStudioVersion = 17.11.35327.3
MinimumVisualStudioVersion = 10.0.40219.1
Project("{FAE04EC0-301F-11D3-BF4B-00C04F79EFBC}") = "approachTreatment", "approachTreatment.csproj", "{D762074D-1BD2-418F-BA31-293EE7F603FB}"
EndProject
Global
	GlobalSection(SolutionConfigurationPlatforms) = preSolution
		Debug|Any CPU = Debug|Any CPU
		Release|Any CPU = Release|Any CPU
	EndGlobalSection
	GlobalSection(ProjectConfigurationPlatforms) = postSolution
		{D762074D-1BD2-418F-BA31-293EE7F603FB}.Debug|Any CPU.ActiveCfg = Debug|Any CPU
		{D762074D-1BD2-418F-BA31-293EE7F603FB}.Debug|Any CPU.Build.0 = Debug|Any CPU
		{D762074D-1BD2-418F-BA31-293EE7F603FB}.Release|Any CPU.ActiveCfg = Release|Any CPU
		{D762074D-1BD2-418F-BA31-293EE7F603FB}.Release|Any CPU.Build.0 = Release|Any CPU
	EndGlobalSection
	GlobalSection(SolutionProperties) = preSolution
		HideSolutionNode = FALSE
	EndGlobalSection
	GlobalSection(ExtensibilityGlobals) = postSolution
		SolutionGuid = {AF2DA1FB-4BD8-4FE3-A267-73619C751FF0}
	EndGlobalSection
EndGlobal
